
Microsoft Visual Studio Solution File, Format Version 12.00
Project("{2150E333-8FDC-42A3-9474-1A3956D46DE8}") = "Solution Items", "Solution Items", "{5E24F2BB-5918-4A17-BE09-9B4F53A34741}"
	ProjectSection(SolutionItems) = preProject
		compose.yaml = compose.yaml
	EndProjectSection
EndProject
Project("{2150E333-8FDC-42A3-9474-1A3956D46DE8}") = "src", "src", "{3F84A1AD-F2A4-4816-BF23-6CD12B5F0709}"
EndProject
Project("{2150E333-8FDC-42A3-9474-1A3956D46DE8}") = "tst", "tst", "{167D502E-F875-410B-A68D-06E8A444511D}"
EndProject
Project("{FAE04EC0-301F-11D3-BF4B-00C04F79EFBC}") = "DNDTracker.Main", "src\DNDTracker.Main\DNDTracker.Main.csproj", "{F18AE4E9-26FD-4C56-8C8E-4F4913186571}"
EndProject
Project("{FAE04EC0-301F-11D3-BF4B-00C04F79EFBC}") = "DNDTracker.Application", "src\DNDTracker.Application\DNDTracker.Application.csproj", "{8987C2FA-BEB8-4097-B516-E184F9CEA085}"
EndProject
Project("{FAE04EC0-301F-11D3-BF4B-00C04F79EFBC}") = "DNDTracker.Domain", "src\DNDTracker.Domain\DNDTracker.Domain.csproj", "{6F4DFA3A-8CAF-4E49-8B81-8BA9E17740B4}"
EndProject
Project("{FAE04EC0-301F-11D3-BF4B-00C04F79EFBC}") = "DNDTracker.Infrastructure", "src\DNDTracker.Infrastructure\DNDTracker.Infrastructure.csproj", "{30EF5D42-01B3-4A16-B7C6-444F4A5CE558}"
EndProject
Project("{FAE04EC0-301F-11D3-BF4B-00C04F79EFBC}") = "DNDTracker.SharedKernel", "src\DNDTracker.SharedKernel\DNDTracker.SharedKernel.csproj", "{BD13EF07-9B74-4C34-B09A-5D1251ADDC2B}"
EndProject
Project("{FAE04EC0-301F-11D3-BF4B-00C04F79EFBC}") = "DNDTracker.Vocabulary", "src\DNDTracker.Vocabulary\DNDTracker.Vocabulary.csproj", "{7DF52C6D-A61E-4D03-827E-6B9F17954678}"
EndProject
Project("{FAE04EC0-301F-11D3-BF4B-00C04F79EFBC}") = "DNDTracker.Application.Tests", "tst\DNDTracker.Application.Tests\DNDTracker.Application.Tests.csproj", "{6F4A62B6-AD11-47FA-8CCC-58C325F398B4}"
EndProject
Project("{FAE04EC0-301F-11D3-BF4B-00C04F79EFBC}") = "DNDTracker.BackendInfrastructure.PostgresDb", "src\DNDTracker.BackendInfrastructure.PostgresDb\DNDTracker.BackendInfrastructure.PostgresDb.csproj", "{41669DD7-617C-47B8-B5B7-C6B3CEEDA21D}"
EndProject
Project("{FAE04EC0-301F-11D3-BF4B-00C04F79EFBC}") = "DNDTracker.BackendInfrastructure.PostgresDb.Tests", "tst\DNDTracker.BackendInfrastructure.PostgresDb.Tests\DNDTracker.BackendInfrastructure.PostgresDb.Tests.csproj", "{CE0B37ED-8581-4EDF-AFCB-811158EE13D6}"
EndProject
Project("{FAE04EC0-301F-11D3-BF4B-00C04F79EFBC}") = "DNDTracker.Domain.Tests", "tst\DNDTracker.Domain.Tests\DNDTracker.Domain.Tests.csproj", "{AF44CFFF-45C1-441B-836F-5BADADC87B2B}"
EndProject
Project("{FAE04EC0-301F-11D3-BF4B-00C04F79EFBC}") = "DNDTracker.Inbound.RestAdapter", "DNDTracker.Inbound.RestAdapter\DNDTracker.Inbound.RestAdapter.csproj", "{D069703D-9C58-461A-A656-13A32071A15D}"
EndProject
Global
	GlobalSection(SolutionConfigurationPlatforms) = preSolution
		Debug|Any CPU = Debug|Any CPU
		Release|Any CPU = Release|Any CPU
	EndGlobalSection
	GlobalSection(ProjectConfigurationPlatforms) = postSolution
		{F18AE4E9-26FD-4C56-8C8E-4F4913186571}.Debug|Any CPU.ActiveCfg = Debug|Any CPU
		{F18AE4E9-26FD-4C56-8C8E-4F4913186571}.Debug|Any CPU.Build.0 = Debug|Any CPU
		{F18AE4E9-26FD-4C56-8C8E-4F4913186571}.Release|Any CPU.ActiveCfg = Release|Any CPU
		{F18AE4E9-26FD-4C56-8C8E-4F4913186571}.Release|Any CPU.Build.0 = Release|Any CPU
		{8987C2FA-BEB8-4097-B516-E184F9CEA085}.Debug|Any CPU.ActiveCfg = Debug|Any CPU
		{8987C2FA-BEB8-4097-B516-E184F9CEA085}.Debug|Any CPU.Build.0 = Debug|Any CPU
		{8987C2FA-BEB8-4097-B516-E184F9CEA085}.Release|Any CPU.ActiveCfg = Release|Any CPU
		{8987C2FA-BEB8-4097-B516-E184F9CEA085}.Release|Any CPU.Build.0 = Release|Any CPU
		{6F4DFA3A-8CAF-4E49-8B81-8BA9E17740B4}.Debug|Any CPU.ActiveCfg = Debug|Any CPU
		{6F4DFA3A-8CAF-4E49-8B81-8BA9E17740B4}.Debug|Any CPU.Build.0 = Debug|Any CPU
		{6F4DFA3A-8CAF-4E49-8B81-8BA9E17740B4}.Release|Any CPU.ActiveCfg = Release|Any CPU
		{6F4DFA3A-8CAF-4E49-8B81-8BA9E17740B4}.Release|Any CPU.Build.0 = Release|Any CPU
		{30EF5D42-01B3-4A16-B7C6-444F4A5CE558}.Debug|Any CPU.ActiveCfg = Debug|Any CPU
		{30EF5D42-01B3-4A16-B7C6-444F4A5CE558}.Debug|Any CPU.Build.0 = Debug|Any CPU
		{30EF5D42-01B3-4A16-B7C6-444F4A5CE558}.Release|Any CPU.ActiveCfg = Release|Any CPU
		{30EF5D42-01B3-4A16-B7C6-444F4A5CE558}.Release|Any CPU.Build.0 = Release|Any CPU
		{BD13EF07-9B74-4C34-B09A-5D1251ADDC2B}.Debug|Any CPU.ActiveCfg = Debug|Any CPU
		{BD13EF07-9B74-4C34-B09A-5D1251ADDC2B}.Debug|Any CPU.Build.0 = Debug|Any CPU
		{BD13EF07-9B74-4C34-B09A-5D1251ADDC2B}.Release|Any CPU.ActiveCfg = Release|Any CPU
		{BD13EF07-9B74-4C34-B09A-5D1251ADDC2B}.Release|Any CPU.Build.0 = Release|Any CPU
		{7DF52C6D-A61E-4D03-827E-6B9F17954678}.Debug|Any CPU.ActiveCfg = Debug|Any CPU
		{7DF52C6D-A61E-4D03-827E-6B9F17954678}.Debug|Any CPU.Build.0 = Debug|Any CPU
		{7DF52C6D-A61E-4D03-827E-6B9F17954678}.Release|Any CPU.ActiveCfg = Release|Any CPU
		{7DF52C6D-A61E-4D03-827E-6B9F17954678}.Release|Any CPU.Build.0 = Release|Any CPU
		{6F4A62B6-AD11-47FA-8CCC-58C325F398B4}.Debug|Any CPU.ActiveCfg = Debug|Any CPU
		{6F4A62B6-AD11-47FA-8CCC-58C325F398B4}.Debug|Any CPU.Build.0 = Debug|Any CPU
		{6F4A62B6-AD11-47FA-8CCC-58C325F398B4}.Release|Any CPU.ActiveCfg = Release|Any CPU
		{6F4A62B6-AD11-47FA-8CCC-58C325F398B4}.Release|Any CPU.Build.0 = Release|Any CPU
		{41669DD7-617C-47B8-B5B7-C6B3CEEDA21D}.Debug|Any CPU.ActiveCfg = Debug|Any CPU
		{41669DD7-617C-47B8-B5B7-C6B3CEEDA21D}.Debug|Any CPU.Build.0 = Debug|Any CPU
		{41669DD7-617C-47B8-B5B7-C6B3CEEDA21D}.Release|Any CPU.ActiveCfg = Release|Any CPU
		{41669DD7-617C-47B8-B5B7-C6B3CEEDA21D}.Release|Any CPU.Build.0 = Release|Any CPU
		{CE0B37ED-8581-4EDF-AFCB-811158EE13D6}.Debug|Any CPU.ActiveCfg = Debug|Any CPU
		{CE0B37ED-8581-4EDF-AFCB-811158EE13D6}.Debug|Any CPU.Build.0 = Debug|Any CPU
		{CE0B37ED-8581-4EDF-AFCB-811158EE13D6}.Release|Any CPU.ActiveCfg = Release|Any CPU
		{CE0B37ED-8581-4EDF-AFCB-811158EE13D6}.Release|Any CPU.Build.0 = Release|Any CPU
		{AF44CFFF-45C1-441B-836F-5BADADC87B2B}.Debug|Any CPU.ActiveCfg = Debug|Any CPU
		{AF44CFFF-45C1-441B-836F-5BADADC87B2B}.Debug|Any CPU.Build.0 = Debug|Any CPU
		{AF44CFFF-45C1-441B-836F-5BADADC87B2B}.Release|Any CPU.ActiveCfg = Release|Any CPU
		{AF44CFFF-45C1-441B-836F-5BADADC87B2B}.Release|Any CPU.Build.0 = Release|Any CPU
		{D069703D-9C58-461A-A656-13A32071A15D}.Debug|Any CPU.ActiveCfg = Debug|Any CPU
		{D069703D-9C58-461A-A656-13A32071A15D}.Debug|Any CPU.Build.0 = Debug|Any CPU
		{D069703D-9C58-461A-A656-13A32071A15D}.Release|Any CPU.ActiveCfg = Release|Any CPU
		{D069703D-9C58-461A-A656-13A32071A15D}.Release|Any CPU.Build.0 = Release|Any CPU
	EndGlobalSection
	GlobalSection(NestedProjects) = preSolution
		{F18AE4E9-26FD-4C56-8C8E-4F4913186571} = {3F84A1AD-F2A4-4816-BF23-6CD12B5F0709}
		{8987C2FA-BEB8-4097-B516-E184F9CEA085} = {3F84A1AD-F2A4-4816-BF23-6CD12B5F0709}
		{6F4DFA3A-8CAF-4E49-8B81-8BA9E17740B4} = {3F84A1AD-F2A4-4816-BF23-6CD12B5F0709}
		{30EF5D42-01B3-4A16-B7C6-444F4A5CE558} = {3F84A1AD-F2A4-4816-BF23-6CD12B5F0709}
		{BD13EF07-9B74-4C34-B09A-5D1251ADDC2B} = {3F84A1AD-F2A4-4816-BF23-6CD12B5F0709}
		{7DF52C6D-A61E-4D03-827E-6B9F17954678} = {3F84A1AD-F2A4-4816-BF23-6CD12B5F0709}
		{6F4A62B6-AD11-47FA-8CCC-58C325F398B4} = {167D502E-F875-410B-A68D-06E8A444511D}
		{41669DD7-617C-47B8-B5B7-C6B3CEEDA21D} = {3F84A1AD-F2A4-4816-BF23-6CD12B5F0709}
		{CE0B37ED-8581-4EDF-AFCB-811158EE13D6} = {167D502E-F875-410B-A68D-06E8A444511D}
		{AF44CFFF-45C1-441B-836F-5BADADC87B2B} = {167D502E-F875-410B-A68D-06E8A444511D}
		{D069703D-9C58-461A-A656-13A32071A15D} = {3F84A1AD-F2A4-4816-BF23-6CD12B5F0709}
	EndGlobalSection
EndGlobal
