
Microsoft Visual Studio Solution File, Format Version 12.00
Project("{2150E333-8FDC-42A3-9474-1A3956D46DE8}") = "Solution Items", "Solution Items", "{5E24F2BB-5918-4A17-BE09-9B4F53A34741}"
	ProjectSection(SolutionItems) = preProject
		compose.yaml = compose.yaml
	EndProjectSection
EndProject
Project("{FAE04EC0-301F-11D3-BF4B-00C04F79EFBC}") = "DNDTracker.Domain", "DNDTracker.Domain\DNDTracker.Domain.csproj", "{ECA12548-2163-4B09-8554-426EE91F39A2}"
EndProject
Project("{2150E333-8FDC-42A3-9474-1A3956D46DE8}") = "src", "src", "{3F84A1AD-F2A4-4816-BF23-6CD12B5F0709}"
EndProject
Project("{FAE04EC0-301F-11D3-BF4B-00C04F79EFBC}") = "DNDTracker.Application", "DNDTracker.Application\DNDTracker.Application.csproj", "{06DBE29F-DD9B-4B1A-A0E7-4D27D3E67F9D}"
EndProject
Project("{FAE04EC0-301F-11D3-BF4B-00C04F79EFBC}") = "DNDTracker.Infrastructure", "DNDTracker.Infrastructure\DNDTracker.Infrastructure.csproj", "{471F860C-136C-4207-80BC-0EEB856C0247}"
EndProject
Project("{FAE04EC0-301F-11D3-BF4B-00C04F79EFBC}") = "DNDTracker.SharedKernel", "DNDTracker.SharedKernel\DNDTracker.SharedKernel.csproj", "{2B140A2E-1B4D-40E7-99C2-692047DFB909}"
EndProject
Project("{2150E333-8FDC-42A3-9474-1A3956D46DE8}") = "tst", "tst", "{167D502E-F875-410B-A68D-06E8A444511D}"
EndProject
Project("{FAE04EC0-301F-11D3-BF4B-00C04F79EFBC}") = "DNDTracker.Presentation.IntegrationTests", "DNDTracker.Presentation.IntegrationTests\DNDTracker.Presentation.IntegrationTests.csproj", "{05063598-3279-44B3-A92B-17D4F0AD61B9}"
EndProject
Project("{FAE04EC0-301F-11D3-BF4B-00C04F79EFBC}") = "DNDTracker.Api", "DNDTracker.Api\DNDTracker.Api.csproj", "{081A638E-F062-496D-84D3-154B41753AF5}"
EndProject
Global
	GlobalSection(SolutionConfigurationPlatforms) = preSolution
		Debug|Any CPU = Debug|Any CPU
		Release|Any CPU = Release|Any CPU
	EndGlobalSection
	GlobalSection(ProjectConfigurationPlatforms) = postSolution
		{ECA12548-2163-4B09-8554-426EE91F39A2}.Debug|Any CPU.ActiveCfg = Debug|Any CPU
		{ECA12548-2163-4B09-8554-426EE91F39A2}.Debug|Any CPU.Build.0 = Debug|Any CPU
		{ECA12548-2163-4B09-8554-426EE91F39A2}.Release|Any CPU.ActiveCfg = Release|Any CPU
		{ECA12548-2163-4B09-8554-426EE91F39A2}.Release|Any CPU.Build.0 = Release|Any CPU
		{06DBE29F-DD9B-4B1A-A0E7-4D27D3E67F9D}.Debug|Any CPU.ActiveCfg = Debug|Any CPU
		{06DBE29F-DD9B-4B1A-A0E7-4D27D3E67F9D}.Debug|Any CPU.Build.0 = Debug|Any CPU
		{06DBE29F-DD9B-4B1A-A0E7-4D27D3E67F9D}.Release|Any CPU.ActiveCfg = Release|Any CPU
		{06DBE29F-DD9B-4B1A-A0E7-4D27D3E67F9D}.Release|Any CPU.Build.0 = Release|Any CPU
		{471F860C-136C-4207-80BC-0EEB856C0247}.Debug|Any CPU.ActiveCfg = Debug|Any CPU
		{471F860C-136C-4207-80BC-0EEB856C0247}.Debug|Any CPU.Build.0 = Debug|Any CPU
		{471F860C-136C-4207-80BC-0EEB856C0247}.Release|Any CPU.ActiveCfg = Release|Any CPU
		{471F860C-136C-4207-80BC-0EEB856C0247}.Release|Any CPU.Build.0 = Release|Any CPU
		{2B140A2E-1B4D-40E7-99C2-692047DFB909}.Debug|Any CPU.ActiveCfg = Debug|Any CPU
		{2B140A2E-1B4D-40E7-99C2-692047DFB909}.Debug|Any CPU.Build.0 = Debug|Any CPU
		{2B140A2E-1B4D-40E7-99C2-692047DFB909}.Release|Any CPU.ActiveCfg = Release|Any CPU
		{2B140A2E-1B4D-40E7-99C2-692047DFB909}.Release|Any CPU.Build.0 = Release|Any CPU
		{05063598-3279-44B3-A92B-17D4F0AD61B9}.Debug|Any CPU.ActiveCfg = Debug|Any CPU
		{05063598-3279-44B3-A92B-17D4F0AD61B9}.Debug|Any CPU.Build.0 = Debug|Any CPU
		{05063598-3279-44B3-A92B-17D4F0AD61B9}.Release|Any CPU.ActiveCfg = Release|Any CPU
		{05063598-3279-44B3-A92B-17D4F0AD61B9}.Release|Any CPU.Build.0 = Release|Any CPU
		{081A638E-F062-496D-84D3-154B41753AF5}.Debug|Any CPU.ActiveCfg = Debug|Any CPU
		{081A638E-F062-496D-84D3-154B41753AF5}.Debug|Any CPU.Build.0 = Debug|Any CPU
		{081A638E-F062-496D-84D3-154B41753AF5}.Release|Any CPU.ActiveCfg = Release|Any CPU
		{081A638E-F062-496D-84D3-154B41753AF5}.Release|Any CPU.Build.0 = Release|Any CPU
	EndGlobalSection
	GlobalSection(NestedProjects) = preSolution
		{ECA12548-2163-4B09-8554-426EE91F39A2} = {3F84A1AD-F2A4-4816-BF23-6CD12B5F0709}
		{06DBE29F-DD9B-4B1A-A0E7-4D27D3E67F9D} = {3F84A1AD-F2A4-4816-BF23-6CD12B5F0709}
		{471F860C-136C-4207-80BC-0EEB856C0247} = {3F84A1AD-F2A4-4816-BF23-6CD12B5F0709}
		{05063598-3279-44B3-A92B-17D4F0AD61B9} = {167D502E-F875-410B-A68D-06E8A444511D}
		{081A638E-F062-496D-84D3-154B41753AF5} = {3F84A1AD-F2A4-4816-BF23-6CD12B5F0709}
	EndGlobalSection
EndGlobal
